
Microsoft Visual Studio Solution File, Format Version 12.00
# Visual Studio 2013
VisualStudioVersion = 12.0.21005.1
MinimumVisualStudioVersion = 10.0.40219.1
Project("{FAE04EC0-301F-11D3-BF4B-00C04F79EFBC}") = "Refactoring", "Refactoring\Refactoring.csproj", "{2D3F5D0E-4A6B-44C0-8F63-8E95243AC028}"
EndProject
Project("{FAE04EC0-301F-11D3-BF4B-00C04F79EFBC}") = "UnitTestProject", "UnitTestProject\UnitTestProject.csproj", "{1FAF99A1-CCBF-435D-B599-4DAE1DAD5105}"
EndProject
Project("{FAE04EC0-301F-11D3-BF4B-00C04F79EFBC}") = "RefactoringModel", "RefactoringModel\RefactoringModel.csproj", "{5F3E7D64-8378-4159-9D80-20BCD56DC354}"
EndProject
Project("{FAE04EC0-301F-11D3-BF4B-00C04F79EFBC}") = "RefactoringServiceInterface", "RefactoringServiceInterface\RefactoringServiceInterface.csproj", "{53976CC9-63EB-4C4A-8376-B9DC0CF99C55}"
EndProject
Project("{FAE04EC0-301F-11D3-BF4B-00C04F79EFBC}") = "RefactoringServices", "RefactoringServices\RefactoringServices.csproj", "{1C1967CB-292D-4D51-8DD8-73C75B24F2FA}"
EndProject
Global
	GlobalSection(SolutionConfigurationPlatforms) = preSolution
		Debug|Any CPU = Debug|Any CPU
		Release|Any CPU = Release|Any CPU
	EndGlobalSection
	GlobalSection(ProjectConfigurationPlatforms) = postSolution
		{2D3F5D0E-4A6B-44C0-8F63-8E95243AC028}.Debug|Any CPU.ActiveCfg = Debug|Any CPU
		{2D3F5D0E-4A6B-44C0-8F63-8E95243AC028}.Debug|Any CPU.Build.0 = Debug|Any CPU
		{2D3F5D0E-4A6B-44C0-8F63-8E95243AC028}.Release|Any CPU.ActiveCfg = Release|Any CPU
		{2D3F5D0E-4A6B-44C0-8F63-8E95243AC028}.Release|Any CPU.Build.0 = Release|Any CPU
		{1FAF99A1-CCBF-435D-B599-4DAE1DAD5105}.Debug|Any CPU.ActiveCfg = Debug|Any CPU
		{1FAF99A1-CCBF-435D-B599-4DAE1DAD5105}.Debug|Any CPU.Build.0 = Debug|Any CPU
		{1FAF99A1-CCBF-435D-B599-4DAE1DAD5105}.Release|Any CPU.ActiveCfg = Release|Any CPU
		{1FAF99A1-CCBF-435D-B599-4DAE1DAD5105}.Release|Any CPU.Build.0 = Release|Any CPU
		{5F3E7D64-8378-4159-9D80-20BCD56DC354}.Debug|Any CPU.ActiveCfg = Debug|Any CPU
		{5F3E7D64-8378-4159-9D80-20BCD56DC354}.Debug|Any CPU.Build.0 = Debug|Any CPU
		{5F3E7D64-8378-4159-9D80-20BCD56DC354}.Release|Any CPU.ActiveCfg = Release|Any CPU
		{5F3E7D64-8378-4159-9D80-20BCD56DC354}.Release|Any CPU.Build.0 = Release|Any CPU
		{53976CC9-63EB-4C4A-8376-B9DC0CF99C55}.Debug|Any CPU.ActiveCfg = Debug|Any CPU
		{53976CC9-63EB-4C4A-8376-B9DC0CF99C55}.Debug|Any CPU.Build.0 = Debug|Any CPU
		{53976CC9-63EB-4C4A-8376-B9DC0CF99C55}.Release|Any CPU.ActiveCfg = Release|Any CPU
		{53976CC9-63EB-4C4A-8376-B9DC0CF99C55}.Release|Any CPU.Build.0 = Release|Any CPU
		{1C1967CB-292D-4D51-8DD8-73C75B24F2FA}.Debug|Any CPU.ActiveCfg = Debug|Any CPU
		{1C1967CB-292D-4D51-8DD8-73C75B24F2FA}.Debug|Any CPU.Build.0 = Debug|Any CPU
		{1C1967CB-292D-4D51-8DD8-73C75B24F2FA}.Release|Any CPU.ActiveCfg = Release|Any CPU
		{1C1967CB-292D-4D51-8DD8-73C75B24F2FA}.Release|Any CPU.Build.0 = Release|Any CPU
	EndGlobalSection
	GlobalSection(SolutionProperties) = preSolution
		HideSolutionNode = FALSE
	EndGlobalSection
EndGlobal
